
Microsoft Visual Studio Solution File, Format Version 12.00
# Visual Studio Version 17
VisualStudioVersion = 17.4.33213.308
MinimumVisualStudioVersion = 10.0.40219.1
Project("{FAE04EC0-301F-11D3-BF4B-00C04F79EFBC}") = "GreenvilleRevenueCh10", "GreenvilleRevenueCh10\GreenvilleRevenueCh10.csproj", "{9AE09D6D-5B60-4EE4-A0F5-DD4DAECB6823}"
EndProject
Global
	GlobalSection(SolutionConfigurationPlatforms) = preSolution
		Debug|Any CPU = Debug|Any CPU
		Release|Any CPU = Release|Any CPU
	EndGlobalSection
	GlobalSection(ProjectConfigurationPlatforms) = postSolution
		{9AE09D6D-5B60-4EE4-A0F5-DD4DAECB6823}.Debug|Any CPU.ActiveCfg = Debug|Any CPU
		{9AE09D6D-5B60-4EE4-A0F5-DD4DAECB6823}.Debug|Any CPU.Build.0 = Debug|Any CPU
		{9AE09D6D-5B60-4EE4-A0F5-DD4DAECB6823}.Release|Any CPU.ActiveCfg = Release|Any CPU
		{9AE09D6D-5B60-4EE4-A0F5-DD4DAECB6823}.Release|Any CPU.Build.0 = Release|Any CPU
	EndGlobalSection
	GlobalSection(SolutionProperties) = preSolution
		HideSolutionNode = FALSE
	EndGlobalSection
	GlobalSection(ExtensibilityGlobals) = postSolution
		SolutionGuid = {B73714EA-5063-4821-9A95-49F7742A392B}
	EndGlobalSection
EndGlobal
